
Microsoft Visual Studio Solution File, Format Version 12.00
# Visual Studio Version 17
VisualStudioVersion = 17.13.35919.96 d17.13
MinimumVisualStudioVersion = 10.0.40219.1
Project("{FAE04EC0-301F-11D3-BF4B-00C04F79EFBC}") = "Diceroll 2", "Diceroll 2\Diceroll 2.csproj", "{688A36A7-122E-404E-BB41-D3C7DAD9BC12}"
EndProject
Global
	GlobalSection(SolutionConfigurationPlatforms) = preSolution
		Debug|Any CPU = Debug|Any CPU
		Release|Any CPU = Release|Any CPU
	EndGlobalSection
	GlobalSection(ProjectConfigurationPlatforms) = postSolution
		{688A36A7-122E-404E-BB41-D3C7DAD9BC12}.Debug|Any CPU.ActiveCfg = Debug|Any CPU
		{688A36A7-122E-404E-BB41-D3C7DAD9BC12}.Debug|Any CPU.Build.0 = Debug|Any CPU
		{688A36A7-122E-404E-BB41-D3C7DAD9BC12}.Release|Any CPU.ActiveCfg = Release|Any CPU
		{688A36A7-122E-404E-BB41-D3C7DAD9BC12}.Release|Any CPU.Build.0 = Release|Any CPU
	EndGlobalSection
	GlobalSection(SolutionProperties) = preSolution
		HideSolutionNode = FALSE
	EndGlobalSection
	GlobalSection(ExtensibilityGlobals) = postSolution
		SolutionGuid = {2877E53E-006D-4E8A-96A9-04A2FFDD147C}
	EndGlobalSection
EndGlobal
